
Microsoft Visual Studio Solution File, Format Version 12.00
# Visual Studio Version 16
VisualStudioVersion = 16.0.32106.194
MinimumVisualStudioVersion = 10.0.40219.1
Project("{FAE04EC0-301F-11D3-BF4B-00C04F79EFBC}") = "ImageCompressor", "ImageCompressor\ImageCompressor.csproj", "{2BC9D636-A066-40BB-B524-C7A37DA33D67}"
EndProject
Global
	GlobalSection(SolutionConfigurationPlatforms) = preSolution
		Debug|Any CPU = Debug|Any CPU
		Release|Any CPU = Release|Any CPU
	EndGlobalSection
	GlobalSection(ProjectConfigurationPlatforms) = postSolution
		{2BC9D636-A066-40BB-B524-C7A37DA33D67}.Debug|Any CPU.ActiveCfg = Debug|Any CPU
		{2BC9D636-A066-40BB-B524-C7A37DA33D67}.Debug|Any CPU.Build.0 = Debug|Any CPU
		{2BC9D636-A066-40BB-B524-C7A37DA33D67}.Release|Any CPU.ActiveCfg = Release|Any CPU
		{2BC9D636-A066-40BB-B524-C7A37DA33D67}.Release|Any CPU.Build.0 = Release|Any CPU
	EndGlobalSection
	GlobalSection(SolutionProperties) = preSolution
		HideSolutionNode = FALSE
	EndGlobalSection
	GlobalSection(ExtensibilityGlobals) = postSolution
		SolutionGuid = {12511D5B-FB25-4DC1-8C42-94C46F755977}
	EndGlobalSection
EndGlobal
